// !$*UTF8*$!
{
	archiveVersion = 1;
	classes = {
	};
	objectVersion = 46;
	objects = {

/* Begin PBXBuildFile section */
		4CFE83921497D87D0032F12D /* UIKit.framework in Frameworks */ = {isa = PBXBuildFile; fileRef = 4CFE83911497D87D0032F12D /* UIKit.framework */; };
		4CFE83941497D87D0032F12D /* Foundation.framework in Frameworks */ = {isa = PBXBuildFile; fileRef = 4CFE83931497D87D0032F12D /* Foundation.framework */; };
		4CFE83961497D87D0032F12D /* CoreGraphics.framework in Frameworks */ = {isa = PBXBuildFile; fileRef = 4CFE83951497D87D0032F12D /* CoreGraphics.framework */; };
		4CFE839C1497D87D0032F12D /* InfoPlist.strings in Resources */ = {isa = PBXBuildFile; fileRef = 4CFE839A1497D87D0032F12D /* InfoPlist.strings */; };
		4CFE839E1497D87D0032F12D /* main.m in Sources */ = {isa = PBXBuildFile; fileRef = 4CFE839D1497D87D0032F12D /* main.m */; };
		4CFE83A21497D87D0032F12D /* DIAppDelegate.m in Sources */ = {isa = PBXBuildFile; fileRef = 4CFE83A11497D87D0032F12D /* DIAppDelegate.m */; };
		4CFE83E81497D8DA0032F12D /* ASIAuthenticationDialog.m in Sources */ = {isa = PBXBuildFile; fileRef = 4CFE83B31497D8DA0032F12D /* ASIAuthenticationDialog.m */; };
		4CFE83E91497D8DA0032F12D /* ASIDataCompressor.m in Sources */ = {isa = PBXBuildFile; fileRef = 4CFE83B61497D8DA0032F12D /* ASIDataCompressor.m */; };
		4CFE83EA1497D8DA0032F12D /* ASIDataDecompressor.m in Sources */ = {isa = PBXBuildFile; fileRef = 4CFE83B81497D8DA0032F12D /* ASIDataDecompressor.m */; };
		4CFE83EB1497D8DA0032F12D /* ASIDownloadCache.m in Sources */ = {isa = PBXBuildFile; fileRef = 4CFE83BA1497D8DA0032F12D /* ASIDownloadCache.m */; };
		4CFE83EC1497D8DA0032F12D /* ASIFormDataRequest.m in Sources */ = {isa = PBXBuildFile; fileRef = 4CFE83BC1497D8DA0032F12D /* ASIFormDataRequest.m */; };
		4CFE83ED1497D8DA0032F12D /* ASIHTTPRequest.m in Sources */ = {isa = PBXBuildFile; fileRef = 4CFE83BE1497D8DA0032F12D /* ASIHTTPRequest.m */; };
		4CFE83EE1497D8DA0032F12D /* ASIInputStream.m in Sources */ = {isa = PBXBuildFile; fileRef = 4CFE83C21497D8DA0032F12D /* ASIInputStream.m */; };
		4CFE83EF1497D8DA0032F12D /* ASINetworkQueue.m in Sources */ = {isa = PBXBuildFile; fileRef = 4CFE83C41497D8DA0032F12D /* ASINetworkQueue.m */; };
		4CFE83F01497D8DA0032F12D /* EGOCache.m in Sources */ = {isa = PBXBuildFile; fileRef = 4CFE83C91497D8DA0032F12D /* EGOCache.m */; };
		4CFE83F11497D8DA0032F12D /* EGOImageButton.m in Sources */ = {isa = PBXBuildFile; fileRef = 4CFE83CC1497D8DA0032F12D /* EGOImageButton.m */; };
		4CFE83F21497D8DA0032F12D /* EGOImageLoadConnection.m in Sources */ = {isa = PBXBuildFile; fileRef = 4CFE83CF1497D8DA0032F12D /* EGOImageLoadConnection.m */; };
		4CFE83F31497D8DA0032F12D /* EGOImageLoader.m in Sources */ = {isa = PBXBuildFile; fileRef = 4CFE83D11497D8DA0032F12D /* EGOImageLoader.m */; };
		4CFE83F41497D8DA0032F12D /* EGOImageView.m in Sources */ = {isa = PBXBuildFile; fileRef = 4CFE83D41497D8DA0032F12D /* EGOImageView.m */; };
		4CFE83F51497D8DA0032F12D /* Reachability.m in Sources */ = {isa = PBXBuildFile; fileRef = 4CFE83D71497D8DA0032F12D /* Reachability.m */; };
		4CFE83F61497D8DA0032F12D /* active_headerButton.png in Resources */ = {isa = PBXBuildFile; fileRef = 4CFE83D91497D8DA0032F12D /* active_headerButton.png */; };
		4CFE83F71497D8DA0032F12D /* active_headerButton@2x.png in Resources */ = {isa = PBXBuildFile; fileRef = 4CFE83DA1497D8DA0032F12D /* active_headerButton@2x.png */; };
		4CFE83F81497D8DA0032F12D /* bg.png in Resources */ = {isa = PBXBuildFile; fileRef = 4CFE83DB1497D8DA0032F12D /* bg.png */; };
		4CFE83F91497D8DA0032F12D /* bg@2x.png in Resources */ = {isa = PBXBuildFile; fileRef = 4CFE83DC1497D8DA0032F12D /* bg@2x.png */; };
		4CFE83FB1497D8DA0032F12D /* header.png in Resources */ = {isa = PBXBuildFile; fileRef = 4CFE83DE1497D8DA0032F12D /* header.png */; };
		4CFE83FC1497D8DA0032F12D /* header@2x.png in Resources */ = {isa = PBXBuildFile; fileRef = 4CFE83DF1497D8DA0032F12D /* header@2x.png */; };
		4CFE83FD1497D8DA0032F12D /* largeBlueButton.png in Resources */ = {isa = PBXBuildFile; fileRef = 4CFE83E01497D8DA0032F12D /* largeBlueButton.png */; };
		4CFE83FE1497D8DA0032F12D /* largeBlueButton@2x.png in Resources */ = {isa = PBXBuildFile; fileRef = 4CFE83E11497D8DA0032F12D /* largeBlueButton@2x.png */; };
		4CFE83FF1497D8DA0032F12D /* largeBlueButtonActive.png in Resources */ = {isa = PBXBuildFile; fileRef = 4CFE83E21497D8DA0032F12D /* largeBlueButtonActive.png */; };
		4CFE84001497D8DA0032F12D /* largeBlueButtonActive@2x.png in Resources */ = {isa = PBXBuildFile; fileRef = 4CFE83E31497D8DA0032F12D /* largeBlueButtonActive@2x.png */; };
		4CFE84011497D8DA0032F12D /* non_Active_headerButton.png in Resources */ = {isa = PBXBuildFile; fileRef = 4CFE83E41497D8DA0032F12D /* non_Active_headerButton.png */; };
		4CFE84021497D8DA0032F12D /* non_Active_headerButton@2x.png in Resources */ = {isa = PBXBuildFile; fileRef = 4CFE83E51497D8DA0032F12D /* non_Active_headerButton@2x.png */; };
		4CFE84031497D8DA0032F12D /* smallChevron.png in Resources */ = {isa = PBXBuildFile; fileRef = 4CFE83E61497D8DA0032F12D /* smallChevron.png */; };
		4CFE84041497D8DA0032F12D /* smallChevron@2x.png in Resources */ = {isa = PBXBuildFile; fileRef = 4CFE83E71497D8DA0032F12D /* smallChevron@2x.png */; };
		4CFE840F1497D9020032F12D /* DIAddChoreViewController.m in Sources */ = {isa = PBXBuildFile; fileRef = 4CFE84061497D9020032F12D /* DIAddChoreViewController.m */; };
		4CFE84101497D9020032F12D /* DIChore.m in Sources */ = {isa = PBXBuildFile; fileRef = 4CFE84081497D9020032F12D /* DIChore.m */; };
		4CFE84111497D9020032F12D /* DIChoreListViewController.m in Sources */ = {isa = PBXBuildFile; fileRef = 4CFE840A1497D9020032F12D /* DIChoreListViewController.m */; };
		4CFE84121497D9020032F12D /* DIMyChoresViewCell.m in Sources */ = {isa = PBXBuildFile; fileRef = 4CFE840C1497D9020032F12D /* DIMyChoresViewCell.m */; };
		4CFE84131497D9020032F12D /* DISettingsViewController.m in Sources */ = {isa = PBXBuildFile; fileRef = 4CFE840E1497D9020032F12D /* DISettingsViewController.m */; };
		4CFE84151497D9ED0032F12D /* CFNetwork.framework in Frameworks */ = {isa = PBXBuildFile; fileRef = 4CFE84141497D9ED0032F12D /* CFNetwork.framework */; };
		4CFE84171497D9F60032F12D /* SystemConfiguration.framework in Frameworks */ = {isa = PBXBuildFile; fileRef = 4CFE84161497D9F60032F12D /* SystemConfiguration.framework */; };
		4CFE84191497DA020032F12D /* MobileCoreServices.framework in Frameworks */ = {isa = PBXBuildFile; fileRef = 4CFE84181497DA020032F12D /* MobileCoreServices.framework */; };
		4CFE841B1497DA0C0032F12D /* Security.framework in Frameworks */ = {isa = PBXBuildFile; fileRef = 4CFE841A1497DA0C0032F12D /* Security.framework */; };
		4CFE841D1497DA180032F12D /* libz.1.2.5.dylib in Frameworks */ = {isa = PBXBuildFile; fileRef = 4CFE841C1497DA180032F12D /* libz.1.2.5.dylib */; };
		4CFE841F1497DA220032F12D /* libxml2.dylib in Frameworks */ = {isa = PBXBuildFile; fileRef = 4CFE841E1497DA220032F12D /* libxml2.dylib */; };
		4CFE84261498373A0032F12D /* test_chores.plist in Resources */ = {isa = PBXBuildFile; fileRef = 4CFE84251498373A0032F12D /* test_chores.plist */; };
		4CFE8428149838590032F12D /* test_choreTypes.plist in Resources */ = {isa = PBXBuildFile; fileRef = 4CFE8427149838590032F12D /* test_choreTypes.plist */; };
		4CFE842B14983ED60032F12D /* DIChoreType.m in Sources */ = {isa = PBXBuildFile; fileRef = 4CFE842A14983ED60032F12D /* DIChoreType.m */; };
		4CFE842E149841F90032F12D /* DIChoreTypeViewCell.m in Sources */ = {isa = PBXBuildFile; fileRef = 4CFE842D149841F80032F12D /* DIChoreTypeViewCell.m */; };
		4CFE84301498493A0032F12D /* type_mowlawn.jpg in Resources */ = {isa = PBXBuildFile; fileRef = 4CFE842F1498493A0032F12D /* type_mowlawn.jpg */; };
		4CFE843314984A4F0032F12D /* DIConfirmChoreViewController.m in Sources */ = {isa = PBXBuildFile; fileRef = 4CFE843214984A4E0032F12D /* DIConfirmChoreViewController.m */; };
		4CFE843514984E7B0032F12D /* mowlawn.jpg in Resources */ = {isa = PBXBuildFile; fileRef = 4CFE843414984E7B0032F12D /* mowlawn.jpg */; };
		4CFE843814984F700032F12D /* DICreditsViewController.m in Sources */ = {isa = PBXBuildFile; fileRef = 4CFE843714984F6F0032F12D /* DICreditsViewController.m */; };
		4CFE843B149850CA0032F12D /* DICreditsViewCell.m in Sources */ = {isa = PBXBuildFile; fileRef = 4CFE843A149850C90032F12D /* DICreditsViewCell.m */; };
		4CFE8446149873380032F12D /* DIAchievementsViewController.m in Sources */ = {isa = PBXBuildFile; fileRef = 4CFE8445149873380032F12D /* DIAchievementsViewController.m */; };
/* End PBXBuildFile section */

/* Begin PBXFileReference section */
		4CFE838D1497D87D0032F12D /* Diddit.app */ = {isa = PBXFileReference; explicitFileType = wrapper.application; includeInIndex = 0; path = Diddit.app; sourceTree = BUILT_PRODUCTS_DIR; };
		4CFE83911497D87D0032F12D /* UIKit.framework */ = {isa = PBXFileReference; lastKnownFileType = wrapper.framework; name = UIKit.framework; path = System/Library/Frameworks/UIKit.framework; sourceTree = SDKROOT; };
		4CFE83931497D87D0032F12D /* Foundation.framework */ = {isa = PBXFileReference; lastKnownFileType = wrapper.framework; name = Foundation.framework; path = System/Library/Frameworks/Foundation.framework; sourceTree = SDKROOT; };
		4CFE83951497D87D0032F12D /* CoreGraphics.framework */ = {isa = PBXFileReference; lastKnownFileType = wrapper.framework; name = CoreGraphics.framework; path = System/Library/Frameworks/CoreGraphics.framework; sourceTree = SDKROOT; };
		4CFE83991497D87D0032F12D /* Diddit-Info.plist */ = {isa = PBXFileReference; lastKnownFileType = text.plist.xml; path = "Diddit-Info.plist"; sourceTree = "<group>"; };
		4CFE839B1497D87D0032F12D /* en */ = {isa = PBXFileReference; lastKnownFileType = text.plist.strings; name = en; path = en.lproj/InfoPlist.strings; sourceTree = "<group>"; };
		4CFE839D1497D87D0032F12D /* main.m */ = {isa = PBXFileReference; lastKnownFileType = sourcecode.c.objc; path = main.m; sourceTree = "<group>"; };
		4CFE839F1497D87D0032F12D /* Diddit-Prefix.pch */ = {isa = PBXFileReference; lastKnownFileType = sourcecode.c.h; path = "Diddit-Prefix.pch"; sourceTree = "<group>"; };
		4CFE83A01497D87D0032F12D /* DIAppDelegate.h */ = {isa = PBXFileReference; lastKnownFileType = sourcecode.c.h; path = DIAppDelegate.h; sourceTree = "<group>"; };
		4CFE83A11497D87D0032F12D /* DIAppDelegate.m */ = {isa = PBXFileReference; lastKnownFileType = sourcecode.c.objc; path = DIAppDelegate.m; sourceTree = "<group>"; };
		4CFE83B21497D8DA0032F12D /* ASIAuthenticationDialog.h */ = {isa = PBXFileReference; fileEncoding = 4; lastKnownFileType = sourcecode.c.h; path = ASIAuthenticationDialog.h; sourceTree = "<group>"; };
		4CFE83B31497D8DA0032F12D /* ASIAuthenticationDialog.m */ = {isa = PBXFileReference; fileEncoding = 4; lastKnownFileType = sourcecode.c.objc; path = ASIAuthenticationDialog.m; sourceTree = "<group>"; };
		4CFE83B41497D8DA0032F12D /* ASICacheDelegate.h */ = {isa = PBXFileReference; fileEncoding = 4; lastKnownFileType = sourcecode.c.h; path = ASICacheDelegate.h; sourceTree = "<group>"; };
		4CFE83B51497D8DA0032F12D /* ASIDataCompressor.h */ = {isa = PBXFileReference; fileEncoding = 4; lastKnownFileType = sourcecode.c.h; path = ASIDataCompressor.h; sourceTree = "<group>"; };
		4CFE83B61497D8DA0032F12D /* ASIDataCompressor.m */ = {isa = PBXFileReference; fileEncoding = 4; lastKnownFileType = sourcecode.c.objc; path = ASIDataCompressor.m; sourceTree = "<group>"; };
		4CFE83B71497D8DA0032F12D /* ASIDataDecompressor.h */ = {isa = PBXFileReference; fileEncoding = 4; lastKnownFileType = sourcecode.c.h; path = ASIDataDecompressor.h; sourceTree = "<group>"; };
		4CFE83B81497D8DA0032F12D /* ASIDataDecompressor.m */ = {isa = PBXFileReference; fileEncoding = 4; lastKnownFileType = sourcecode.c.objc; path = ASIDataDecompressor.m; sourceTree = "<group>"; };
		4CFE83B91497D8DA0032F12D /* ASIDownloadCache.h */ = {isa = PBXFileReference; fileEncoding = 4; lastKnownFileType = sourcecode.c.h; path = ASIDownloadCache.h; sourceTree = "<group>"; };
		4CFE83BA1497D8DA0032F12D /* ASIDownloadCache.m */ = {isa = PBXFileReference; fileEncoding = 4; lastKnownFileType = sourcecode.c.objc; path = ASIDownloadCache.m; sourceTree = "<group>"; };
		4CFE83BB1497D8DA0032F12D /* ASIFormDataRequest.h */ = {isa = PBXFileReference; fileEncoding = 4; lastKnownFileType = sourcecode.c.h; path = ASIFormDataRequest.h; sourceTree = "<group>"; };
		4CFE83BC1497D8DA0032F12D /* ASIFormDataRequest.m */ = {isa = PBXFileReference; fileEncoding = 4; lastKnownFileType = sourcecode.c.objc; path = ASIFormDataRequest.m; sourceTree = "<group>"; };
		4CFE83BD1497D8DA0032F12D /* ASIHTTPRequest.h */ = {isa = PBXFileReference; fileEncoding = 4; lastKnownFileType = sourcecode.c.h; path = ASIHTTPRequest.h; sourceTree = "<group>"; };
		4CFE83BE1497D8DA0032F12D /* ASIHTTPRequest.m */ = {isa = PBXFileReference; fileEncoding = 4; lastKnownFileType = sourcecode.c.objc; path = ASIHTTPRequest.m; sourceTree = "<group>"; };
		4CFE83BF1497D8DA0032F12D /* ASIHTTPRequestConfig.h */ = {isa = PBXFileReference; fileEncoding = 4; lastKnownFileType = sourcecode.c.h; path = ASIHTTPRequestConfig.h; sourceTree = "<group>"; };
		4CFE83C01497D8DA0032F12D /* ASIHTTPRequestDelegate.h */ = {isa = PBXFileReference; fileEncoding = 4; lastKnownFileType = sourcecode.c.h; path = ASIHTTPRequestDelegate.h; sourceTree = "<group>"; };
		4CFE83C11497D8DA0032F12D /* ASIInputStream.h */ = {isa = PBXFileReference; fileEncoding = 4; lastKnownFileType = sourcecode.c.h; path = ASIInputStream.h; sourceTree = "<group>"; };
		4CFE83C21497D8DA0032F12D /* ASIInputStream.m */ = {isa = PBXFileReference; fileEncoding = 4; lastKnownFileType = sourcecode.c.objc; path = ASIInputStream.m; sourceTree = "<group>"; };
		4CFE83C31497D8DA0032F12D /* ASINetworkQueue.h */ = {isa = PBXFileReference; fileEncoding = 4; lastKnownFileType = sourcecode.c.h; path = ASINetworkQueue.h; sourceTree = "<group>"; };
		4CFE83C41497D8DA0032F12D /* ASINetworkQueue.m */ = {isa = PBXFileReference; fileEncoding = 4; lastKnownFileType = sourcecode.c.objc; path = ASINetworkQueue.m; sourceTree = "<group>"; };
		4CFE83C51497D8DA0032F12D /* ASIProgressDelegate.h */ = {isa = PBXFileReference; fileEncoding = 4; lastKnownFileType = sourcecode.c.h; path = ASIProgressDelegate.h; sourceTree = "<group>"; };
		4CFE83C81497D8DA0032F12D /* EGOCache.h */ = {isa = PBXFileReference; fileEncoding = 4; lastKnownFileType = sourcecode.c.h; path = EGOCache.h; sourceTree = "<group>"; };
		4CFE83C91497D8DA0032F12D /* EGOCache.m */ = {isa = PBXFileReference; fileEncoding = 4; lastKnownFileType = sourcecode.c.objc; path = EGOCache.m; sourceTree = "<group>"; };
		4CFE83CB1497D8DA0032F12D /* EGOImageButton.h */ = {isa = PBXFileReference; fileEncoding = 4; lastKnownFileType = sourcecode.c.h; path = EGOImageButton.h; sourceTree = "<group>"; };
		4CFE83CC1497D8DA0032F12D /* EGOImageButton.m */ = {isa = PBXFileReference; fileEncoding = 4; lastKnownFileType = sourcecode.c.objc; path = EGOImageButton.m; sourceTree = "<group>"; };
		4CFE83CE1497D8DA0032F12D /* EGOImageLoadConnection.h */ = {isa = PBXFileReference; fileEncoding = 4; lastKnownFileType = sourcecode.c.h; path = EGOImageLoadConnection.h; sourceTree = "<group>"; };
		4CFE83CF1497D8DA0032F12D /* EGOImageLoadConnection.m */ = {isa = PBXFileReference; fileEncoding = 4; lastKnownFileType = sourcecode.c.objc; path = EGOImageLoadConnection.m; sourceTree = "<group>"; };
		4CFE83D01497D8DA0032F12D /* EGOImageLoader.h */ = {isa = PBXFileReference; fileEncoding = 4; lastKnownFileType = sourcecode.c.h; path = EGOImageLoader.h; sourceTree = "<group>"; };
		4CFE83D11497D8DA0032F12D /* EGOImageLoader.m */ = {isa = PBXFileReference; fileEncoding = 4; lastKnownFileType = sourcecode.c.objc; path = EGOImageLoader.m; sourceTree = "<group>"; };
		4CFE83D31497D8DA0032F12D /* EGOImageView.h */ = {isa = PBXFileReference; fileEncoding = 4; lastKnownFileType = sourcecode.c.h; path = EGOImageView.h; sourceTree = "<group>"; };
		4CFE83D41497D8DA0032F12D /* EGOImageView.m */ = {isa = PBXFileReference; fileEncoding = 4; lastKnownFileType = sourcecode.c.objc; path = EGOImageView.m; sourceTree = "<group>"; };
		4CFE83D61497D8DA0032F12D /* Reachability.h */ = {isa = PBXFileReference; fileEncoding = 4; lastKnownFileType = sourcecode.c.h; path = Reachability.h; sourceTree = "<group>"; };
		4CFE83D71497D8DA0032F12D /* Reachability.m */ = {isa = PBXFileReference; fileEncoding = 4; lastKnownFileType = sourcecode.c.objc; path = Reachability.m; sourceTree = "<group>"; };
		4CFE83D91497D8DA0032F12D /* active_headerButton.png */ = {isa = PBXFileReference; lastKnownFileType = image.png; path = active_headerButton.png; sourceTree = "<group>"; };
		4CFE83DA1497D8DA0032F12D /* active_headerButton@2x.png */ = {isa = PBXFileReference; lastKnownFileType = image.png; path = "active_headerButton@2x.png"; sourceTree = "<group>"; };
		4CFE83DB1497D8DA0032F12D /* bg.png */ = {isa = PBXFileReference; lastKnownFileType = image.png; path = bg.png; sourceTree = "<group>"; };
		4CFE83DC1497D8DA0032F12D /* bg@2x.png */ = {isa = PBXFileReference; lastKnownFileType = image.png; path = "bg@2x.png"; sourceTree = "<group>"; };
		4CFE83DE1497D8DA0032F12D /* header.png */ = {isa = PBXFileReference; lastKnownFileType = image.png; path = header.png; sourceTree = "<group>"; };
		4CFE83DF1497D8DA0032F12D /* header@2x.png */ = {isa = PBXFileReference; lastKnownFileType = image.png; path = "header@2x.png"; sourceTree = "<group>"; };
		4CFE83E01497D8DA0032F12D /* largeBlueButton.png */ = {isa = PBXFileReference; lastKnownFileType = image.png; path = largeBlueButton.png; sourceTree = "<group>"; };
		4CFE83E11497D8DA0032F12D /* largeBlueButton@2x.png */ = {isa = PBXFileReference; lastKnownFileType = image.png; path = "largeBlueButton@2x.png"; sourceTree = "<group>"; };
		4CFE83E21497D8DA0032F12D /* largeBlueButtonActive.png */ = {isa = PBXFileReference; lastKnownFileType = image.png; path = largeBlueButtonActive.png; sourceTree = "<group>"; };
		4CFE83E31497D8DA0032F12D /* largeBlueButtonActive@2x.png */ = {isa = PBXFileReference; lastKnownFileType = image.png; path = "largeBlueButtonActive@2x.png"; sourceTree = "<group>"; };
		4CFE83E41497D8DA0032F12D /* non_Active_headerButton.png */ = {isa = PBXFileReference; lastKnownFileType = image.png; path = non_Active_headerButton.png; sourceTree = "<group>"; };
		4CFE83E51497D8DA0032F12D /* non_Active_headerButton@2x.png */ = {isa = PBXFileReference; lastKnownFileType = image.png; path = "non_Active_headerButton@2x.png"; sourceTree = "<group>"; };
		4CFE83E61497D8DA0032F12D /* smallChevron.png */ = {isa = PBXFileReference; lastKnownFileType = image.png; path = smallChevron.png; sourceTree = "<group>"; };
		4CFE83E71497D8DA0032F12D /* smallChevron@2x.png */ = {isa = PBXFileReference; lastKnownFileType = image.png; path = "smallChevron@2x.png"; sourceTree = "<group>"; };
		4CFE84051497D9020032F12D /* DIAddChoreViewController.h */ = {isa = PBXFileReference; fileEncoding = 4; lastKnownFileType = sourcecode.c.h; path = DIAddChoreViewController.h; sourceTree = "<group>"; };
		4CFE84061497D9020032F12D /* DIAddChoreViewController.m */ = {isa = PBXFileReference; fileEncoding = 4; lastKnownFileType = sourcecode.c.objc; path = DIAddChoreViewController.m; sourceTree = "<group>"; };
		4CFE84071497D9020032F12D /* DIChore.h */ = {isa = PBXFileReference; fileEncoding = 4; lastKnownFileType = sourcecode.c.h; path = DIChore.h; sourceTree = "<group>"; };
		4CFE84081497D9020032F12D /* DIChore.m */ = {isa = PBXFileReference; fileEncoding = 4; lastKnownFileType = sourcecode.c.objc; path = DIChore.m; sourceTree = "<group>"; };
		4CFE84091497D9020032F12D /* DIChoreListViewController.h */ = {isa = PBXFileReference; fileEncoding = 4; lastKnownFileType = sourcecode.c.h; path = DIChoreListViewController.h; sourceTree = "<group>"; };
		4CFE840A1497D9020032F12D /* DIChoreListViewController.m */ = {isa = PBXFileReference; fileEncoding = 4; lastKnownFileType = sourcecode.c.objc; path = DIChoreListViewController.m; sourceTree = "<group>"; };
		4CFE840B1497D9020032F12D /* DIMyChoresViewCell.h */ = {isa = PBXFileReference; fileEncoding = 4; lastKnownFileType = sourcecode.c.h; path = DIMyChoresViewCell.h; sourceTree = "<group>"; };
		4CFE840C1497D9020032F12D /* DIMyChoresViewCell.m */ = {isa = PBXFileReference; fileEncoding = 4; lastKnownFileType = sourcecode.c.objc; path = DIMyChoresViewCell.m; sourceTree = "<group>"; };
		4CFE840D1497D9020032F12D /* DISettingsViewController.h */ = {isa = PBXFileReference; fileEncoding = 4; lastKnownFileType = sourcecode.c.h; path = DISettingsViewController.h; sourceTree = "<group>"; };
		4CFE840E1497D9020032F12D /* DISettingsViewController.m */ = {isa = PBXFileReference; fileEncoding = 4; lastKnownFileType = sourcecode.c.objc; path = DISettingsViewController.m; sourceTree = "<group>"; };
		4CFE84141497D9ED0032F12D /* CFNetwork.framework */ = {isa = PBXFileReference; lastKnownFileType = wrapper.framework; name = CFNetwork.framework; path = System/Library/Frameworks/CFNetwork.framework; sourceTree = SDKROOT; };
		4CFE84161497D9F60032F12D /* SystemConfiguration.framework */ = {isa = PBXFileReference; lastKnownFileType = wrapper.framework; name = SystemConfiguration.framework; path = System/Library/Frameworks/SystemConfiguration.framework; sourceTree = SDKROOT; };
		4CFE84181497DA020032F12D /* MobileCoreServices.framework */ = {isa = PBXFileReference; lastKnownFileType = wrapper.framework; name = MobileCoreServices.framework; path = System/Library/Frameworks/MobileCoreServices.framework; sourceTree = SDKROOT; };
		4CFE841A1497DA0C0032F12D /* Security.framework */ = {isa = PBXFileReference; lastKnownFileType = wrapper.framework; name = Security.framework; path = System/Library/Frameworks/Security.framework; sourceTree = SDKROOT; };
		4CFE841C1497DA180032F12D /* libz.1.2.5.dylib */ = {isa = PBXFileReference; lastKnownFileType = "compiled.mach-o.dylib"; name = libz.1.2.5.dylib; path = usr/lib/libz.1.2.5.dylib; sourceTree = SDKROOT; };
		4CFE841E1497DA220032F12D /* libxml2.dylib */ = {isa = PBXFileReference; lastKnownFileType = "compiled.mach-o.dylib"; name = libxml2.dylib; path = usr/lib/libxml2.dylib; sourceTree = SDKROOT; };
		4CFE84251498373A0032F12D /* test_chores.plist */ = {isa = PBXFileReference; fileEncoding = 4; lastKnownFileType = text.plist.xml; path = test_chores.plist; sourceTree = "<group>"; };
		4CFE8427149838590032F12D /* test_choreTypes.plist */ = {isa = PBXFileReference; fileEncoding = 4; lastKnownFileType = text.plist.xml; path = test_choreTypes.plist; sourceTree = "<group>"; };
		4CFE842914983ED60032F12D /* DIChoreType.h */ = {isa = PBXFileReference; fileEncoding = 4; lastKnownFileType = sourcecode.c.h; path = DIChoreType.h; sourceTree = "<group>"; };
		4CFE842A14983ED60032F12D /* DIChoreType.m */ = {isa = PBXFileReference; fileEncoding = 4; lastKnownFileType = sourcecode.c.objc; path = DIChoreType.m; sourceTree = "<group>"; };
		4CFE842C149841F80032F12D /* DIChoreTypeViewCell.h */ = {isa = PBXFileReference; fileEncoding = 4; lastKnownFileType = sourcecode.c.h; path = DIChoreTypeViewCell.h; sourceTree = "<group>"; };
		4CFE842D149841F80032F12D /* DIChoreTypeViewCell.m */ = {isa = PBXFileReference; fileEncoding = 4; lastKnownFileType = sourcecode.c.objc; path = DIChoreTypeViewCell.m; sourceTree = "<group>"; };
		4CFE842F1498493A0032F12D /* type_mowlawn.jpg */ = {isa = PBXFileReference; lastKnownFileType = image.jpeg; path = type_mowlawn.jpg; sourceTree = "<group>"; };
		4CFE843114984A4E0032F12D /* DIConfirmChoreViewController.h */ = {isa = PBXFileReference; fileEncoding = 4; lastKnownFileType = sourcecode.c.h; path = DIConfirmChoreViewController.h; sourceTree = "<group>"; };
		4CFE843214984A4E0032F12D /* DIConfirmChoreViewController.m */ = {isa = PBXFileReference; fileEncoding = 4; lastKnownFileType = sourcecode.c.objc; path = DIConfirmChoreViewController.m; sourceTree = "<group>"; };
		4CFE843414984E7B0032F12D /* mowlawn.jpg */ = {isa = PBXFileReference; lastKnownFileType = image.jpeg; path = mowlawn.jpg; sourceTree = "<group>"; };
		4CFE843614984F6F0032F12D /* DICreditsViewController.h */ = {isa = PBXFileReference; fileEncoding = 4; lastKnownFileType = sourcecode.c.h; path = DICreditsViewController.h; sourceTree = "<group>"; };
		4CFE843714984F6F0032F12D /* DICreditsViewController.m */ = {isa = PBXFileReference; fileEncoding = 4; lastKnownFileType = sourcecode.c.objc; path = DICreditsViewController.m; sourceTree = "<group>"; };
		4CFE8439149850C90032F12D /* DICreditsViewCell.h */ = {isa = PBXFileReference; fileEncoding = 4; lastKnownFileType = sourcecode.c.h; path = DICreditsViewCell.h; sourceTree = "<group>"; };
		4CFE843A149850C90032F12D /* DICreditsViewCell.m */ = {isa = PBXFileReference; fileEncoding = 4; lastKnownFileType = sourcecode.c.objc; path = DICreditsViewCell.m; sourceTree = "<group>"; };
		4CFE8444149873380032F12D /* DIAchievementsViewController.h */ = {isa = PBXFileReference; fileEncoding = 4; lastKnownFileType = sourcecode.c.h; path = DIAchievementsViewController.h; sourceTree = "<group>"; };
		4CFE8445149873380032F12D /* DIAchievementsViewController.m */ = {isa = PBXFileReference; fileEncoding = 4; lastKnownFileType = sourcecode.c.objc; path = DIAchievementsViewController.m; sourceTree = "<group>"; };
/* End PBXFileReference section */

/* Begin PBXFrameworksBuildPhase section */
		4CFE838A1497D87D0032F12D /* Frameworks */ = {
			isa = PBXFrameworksBuildPhase;
			buildActionMask = 2147483647;
			files = (
				4CFE841F1497DA220032F12D /* libxml2.dylib in Frameworks */,
				4CFE841D1497DA180032F12D /* libz.1.2.5.dylib in Frameworks */,
				4CFE841B1497DA0C0032F12D /* Security.framework in Frameworks */,
				4CFE84191497DA020032F12D /* MobileCoreServices.framework in Frameworks */,
				4CFE84171497D9F60032F12D /* SystemConfiguration.framework in Frameworks */,
				4CFE84151497D9ED0032F12D /* CFNetwork.framework in Frameworks */,
				4CFE83921497D87D0032F12D /* UIKit.framework in Frameworks */,
				4CFE83941497D87D0032F12D /* Foundation.framework in Frameworks */,
				4CFE83961497D87D0032F12D /* CoreGraphics.framework in Frameworks */,
			);
			runOnlyForDeploymentPostprocessing = 0;
		};
/* End PBXFrameworksBuildPhase section */

/* Begin PBXGroup section */
		4CFE83821497D87D0032F12D = {
			isa = PBXGroup;
			children = (
				4CFE83971497D87D0032F12D /* Diddit */,
				4CFE83D81497D8DA0032F12D /* Resources */,
				4CFE83B11497D8DA0032F12D /* ASI */,
				4CFE83C61497D8DA0032F12D /* EGOImageLoading */,
				4CFE83D51497D8DA0032F12D /* Reachability */,
				4CFE83901497D87D0032F12D /* Frameworks */,
				4CFE838E1497D87D0032F12D /* Products */,
			);
			sourceTree = "<group>";
		};
		4CFE838E1497D87D0032F12D /* Products */ = {
			isa = PBXGroup;
			children = (
				4CFE838D1497D87D0032F12D /* Diddit.app */,
			);
			name = Products;
			sourceTree = "<group>";
		};
		4CFE83901497D87D0032F12D /* Frameworks */ = {
			isa = PBXGroup;
			children = (
				4CFE841E1497DA220032F12D /* libxml2.dylib */,
				4CFE841C1497DA180032F12D /* libz.1.2.5.dylib */,
				4CFE84141497D9ED0032F12D /* CFNetwork.framework */,
				4CFE83951497D87D0032F12D /* CoreGraphics.framework */,
				4CFE83931497D87D0032F12D /* Foundation.framework */,
				4CFE84181497DA020032F12D /* MobileCoreServices.framework */,
				4CFE841A1497DA0C0032F12D /* Security.framework */,
				4CFE84161497D9F60032F12D /* SystemConfiguration.framework */,
				4CFE83911497D87D0032F12D /* UIKit.framework */,
			);
			name = Frameworks;
			sourceTree = "<group>";
		};
		4CFE83971497D87D0032F12D /* Diddit */ = {
			isa = PBXGroup;
			children = (
				4CFE83A01497D87D0032F12D /* DIAppDelegate.h */,
				4CFE83A11497D87D0032F12D /* DIAppDelegate.m */,
				4CFE84071497D9020032F12D /* DIChore.h */,
				4CFE84081497D9020032F12D /* DIChore.m */,
				4CFE842914983ED60032F12D /* DIChoreType.h */,
				4CFE842A14983ED60032F12D /* DIChoreType.m */,
				4CFE84091497D9020032F12D /* DIChoreListViewController.h */,
				4CFE840A1497D9020032F12D /* DIChoreListViewController.m */,
				4CFE843614984F6F0032F12D /* DICreditsViewController.h */,
				4CFE843714984F6F0032F12D /* DICreditsViewController.m */,
				4CFE84051497D9020032F12D /* DIAddChoreViewController.h */,
				4CFE84061497D9020032F12D /* DIAddChoreViewController.m */,
				4CFE843114984A4E0032F12D /* DIConfirmChoreViewController.h */,
				4CFE843214984A4E0032F12D /* DIConfirmChoreViewController.m */,
				4CFE8444149873380032F12D /* DIAchievementsViewController.h */,
				4CFE8445149873380032F12D /* DIAchievementsViewController.m */,
				4CFE840D1497D9020032F12D /* DISettingsViewController.h */,
				4CFE840E1497D9020032F12D /* DISettingsViewController.m */,
				4CFE840B1497D9020032F12D /* DIMyChoresViewCell.h */,
				4CFE840C1497D9020032F12D /* DIMyChoresViewCell.m */,
				4CFE842C149841F80032F12D /* DIChoreTypeViewCell.h */,
				4CFE842D149841F80032F12D /* DIChoreTypeViewCell.m */,
				4CFE8439149850C90032F12D /* DICreditsViewCell.h */,
				4CFE843A149850C90032F12D /* DICreditsViewCell.m */,
				4CFE83981497D87D0032F12D /* Supporting Files */,
			);
			path = Diddit;
			sourceTree = "<group>";
		};
		4CFE83981497D87D0032F12D /* Supporting Files */ = {
			isa = PBXGroup;
			children = (
				4CFE83991497D87D0032F12D /* Diddit-Info.plist */,
				4CFE839A1497D87D0032F12D /* InfoPlist.strings */,
				4CFE839D1497D87D0032F12D /* main.m */,
				4CFE839F1497D87D0032F12D /* Diddit-Prefix.pch */,
			);
			name = "Supporting Files";
			sourceTree = "<group>";
		};
		4CFE83B11497D8DA0032F12D /* ASI */ = {
			isa = PBXGroup;
			children = (
				4CFE83B21497D8DA0032F12D /* ASIAuthenticationDialog.h */,
				4CFE83B31497D8DA0032F12D /* ASIAuthenticationDialog.m */,
				4CFE83B41497D8DA0032F12D /* ASICacheDelegate.h */,
				4CFE83B51497D8DA0032F12D /* ASIDataCompressor.h */,
				4CFE83B61497D8DA0032F12D /* ASIDataCompressor.m */,
				4CFE83B71497D8DA0032F12D /* ASIDataDecompressor.h */,
				4CFE83B81497D8DA0032F12D /* ASIDataDecompressor.m */,
				4CFE83B91497D8DA0032F12D /* ASIDownloadCache.h */,
				4CFE83BA1497D8DA0032F12D /* ASIDownloadCache.m */,
				4CFE83BB1497D8DA0032F12D /* ASIFormDataRequest.h */,
				4CFE83BC1497D8DA0032F12D /* ASIFormDataRequest.m */,
				4CFE83BD1497D8DA0032F12D /* ASIHTTPRequest.h */,
				4CFE83BE1497D8DA0032F12D /* ASIHTTPRequest.m */,
				4CFE83BF1497D8DA0032F12D /* ASIHTTPRequestConfig.h */,
				4CFE83C01497D8DA0032F12D /* ASIHTTPRequestDelegate.h */,
				4CFE83C11497D8DA0032F12D /* ASIInputStream.h */,
				4CFE83C21497D8DA0032F12D /* ASIInputStream.m */,
				4CFE83C31497D8DA0032F12D /* ASINetworkQueue.h */,
				4CFE83C41497D8DA0032F12D /* ASINetworkQueue.m */,
				4CFE83C51497D8DA0032F12D /* ASIProgressDelegate.h */,
			);
			path = ASI;
			sourceTree = "<group>";
		};
		4CFE83C61497D8DA0032F12D /* EGOImageLoading */ = {
			isa = PBXGroup;
			children = (
				4CFE83C71497D8DA0032F12D /* EGOCache */,
				4CFE83CA1497D8DA0032F12D /* EGOImageButton */,
				4CFE83CD1497D8DA0032F12D /* EGOImageLoader */,
				4CFE83D21497D8DA0032F12D /* EGOImageView */,
			);
			path = EGOImageLoading;
			sourceTree = "<group>";
		};
		4CFE83C71497D8DA0032F12D /* EGOCache */ = {
			isa = PBXGroup;
			children = (
				4CFE83C81497D8DA0032F12D /* EGOCache.h */,
				4CFE83C91497D8DA0032F12D /* EGOCache.m */,
			);
			path = EGOCache;
			sourceTree = "<group>";
		};
		4CFE83CA1497D8DA0032F12D /* EGOImageButton */ = {
			isa = PBXGroup;
			children = (
				4CFE83CB1497D8DA0032F12D /* EGOImageButton.h */,
				4CFE83CC1497D8DA0032F12D /* EGOImageButton.m */,
			);
			path = EGOImageButton;
			sourceTree = "<group>";
		};
		4CFE83CD1497D8DA0032F12D /* EGOImageLoader */ = {
			isa = PBXGroup;
			children = (
				4CFE83CE1497D8DA0032F12D /* EGOImageLoadConnection.h */,
				4CFE83CF1497D8DA0032F12D /* EGOImageLoadConnection.m */,
				4CFE83D01497D8DA0032F12D /* EGOImageLoader.h */,
				4CFE83D11497D8DA0032F12D /* EGOImageLoader.m */,
			);
			path = EGOImageLoader;
			sourceTree = "<group>";
		};
		4CFE83D21497D8DA0032F12D /* EGOImageView */ = {
			isa = PBXGroup;
			children = (
				4CFE83D31497D8DA0032F12D /* EGOImageView.h */,
				4CFE83D41497D8DA0032F12D /* EGOImageView.m */,
			);
			path = EGOImageView;
			sourceTree = "<group>";
		};
		4CFE83D51497D8DA0032F12D /* Reachability */ = {
			isa = PBXGroup;
			children = (
				4CFE83D61497D8DA0032F12D /* Reachability.h */,
				4CFE83D71497D8DA0032F12D /* Reachability.m */,
			);
			path = Reachability;
			sourceTree = "<group>";
		};
		4CFE83D81497D8DA0032F12D /* Resources */ = {
			isa = PBXGroup;
			children = (
				4CFE843414984E7B0032F12D /* mowlawn.jpg */,
				4CFE842F1498493A0032F12D /* type_mowlawn.jpg */,
				4CFE8427149838590032F12D /* test_choreTypes.plist */,
				4CFE84251498373A0032F12D /* test_chores.plist */,
				4CFE83D91497D8DA0032F12D /* active_headerButton.png */,
				4CFE83DA1497D8DA0032F12D /* active_headerButton@2x.png */,
				4CFE83DB1497D8DA0032F12D /* bg.png */,
				4CFE83DC1497D8DA0032F12D /* bg@2x.png */,
				4CFE83DE1497D8DA0032F12D /* header.png */,
				4CFE83DF1497D8DA0032F12D /* header@2x.png */,
				4CFE83E01497D8DA0032F12D /* largeBlueButton.png */,
				4CFE83E11497D8DA0032F12D /* largeBlueButton@2x.png */,
				4CFE83E21497D8DA0032F12D /* largeBlueButtonActive.png */,
				4CFE83E31497D8DA0032F12D /* largeBlueButtonActive@2x.png */,
				4CFE83E41497D8DA0032F12D /* non_Active_headerButton.png */,
				4CFE83E51497D8DA0032F12D /* non_Active_headerButton@2x.png */,
				4CFE83E61497D8DA0032F12D /* smallChevron.png */,
				4CFE83E71497D8DA0032F12D /* smallChevron@2x.png */,
			);
			path = Resources;
			sourceTree = "<group>";
		};
/* End PBXGroup section */

/* Begin PBXNativeTarget section */
		4CFE838C1497D87D0032F12D /* Diddit */ = {
			isa = PBXNativeTarget;
			buildConfigurationList = 4CFE83AE1497D87D0032F12D /* Build configuration list for PBXNativeTarget "Diddit" */;
			buildPhases = (
				4CFE83891497D87D0032F12D /* Sources */,
				4CFE838A1497D87D0032F12D /* Frameworks */,
				4CFE838B1497D87D0032F12D /* Resources */,
			);
			buildRules = (
			);
			dependencies = (
			);
			name = Diddit;
			productName = Diddit;
			productReference = 4CFE838D1497D87D0032F12D /* Diddit.app */;
			productType = "com.apple.product-type.application";
		};
/* End PBXNativeTarget section */

/* Begin PBXProject section */
		4CFE83841497D87D0032F12D /* Project object */ = {
			isa = PBXProject;
			attributes = {
				LastUpgradeCheck = 0420;
				ORGANIZATIONNAME = "Sparkle Mountain";
			};
			buildConfigurationList = 4CFE83871497D87D0032F12D /* Build configuration list for PBXProject "Diddit" */;
			compatibilityVersion = "Xcode 3.2";
			developmentRegion = English;
			hasScannedForEncodings = 0;
			knownRegions = (
				en,
			);
			mainGroup = 4CFE83821497D87D0032F12D;
			productRefGroup = 4CFE838E1497D87D0032F12D /* Products */;
			projectDirPath = "";
			projectRoot = "";
			targets = (
				4CFE838C1497D87D0032F12D /* Diddit */,
			);
		};
/* End PBXProject section */

/* Begin PBXResourcesBuildPhase section */
		4CFE838B1497D87D0032F12D /* Resources */ = {
			isa = PBXResourcesBuildPhase;
			buildActionMask = 2147483647;
			files = (
				4CFE839C1497D87D0032F12D /* InfoPlist.strings in Resources */,
				4CFE83F61497D8DA0032F12D /* active_headerButton.png in Resources */,
				4CFE83F71497D8DA0032F12D /* active_headerButton@2x.png in Resources */,
				4CFE83F81497D8DA0032F12D /* bg.png in Resources */,
				4CFE83F91497D8DA0032F12D /* bg@2x.png in Resources */,
				4CFE83FB1497D8DA0032F12D /* header.png in Resources */,
				4CFE83FC1497D8DA0032F12D /* header@2x.png in Resources */,
				4CFE83FD1497D8DA0032F12D /* largeBlueButton.png in Resources */,
				4CFE83FE1497D8DA0032F12D /* largeBlueButton@2x.png in Resources */,
				4CFE83FF1497D8DA0032F12D /* largeBlueButtonActive.png in Resources */,
				4CFE84001497D8DA0032F12D /* largeBlueButtonActive@2x.png in Resources */,
				4CFE84011497D8DA0032F12D /* non_Active_headerButton.png in Resources */,
				4CFE84021497D8DA0032F12D /* non_Active_headerButton@2x.png in Resources */,
				4CFE84031497D8DA0032F12D /* smallChevron.png in Resources */,
				4CFE84041497D8DA0032F12D /* smallChevron@2x.png in Resources */,
				4CFE84261498373A0032F12D /* test_chores.plist in Resources */,
				4CFE8428149838590032F12D /* test_choreTypes.plist in Resources */,
				4CFE84301498493A0032F12D /* type_mowlawn.jpg in Resources */,
				4CFE843514984E7B0032F12D /* mowlawn.jpg in Resources */,
			);
			runOnlyForDeploymentPostprocessing = 0;
		};
/* End PBXResourcesBuildPhase section */

/* Begin PBXSourcesBuildPhase section */
		4CFE83891497D87D0032F12D /* Sources */ = {
			isa = PBXSourcesBuildPhase;
			buildActionMask = 2147483647;
			files = (
				4CFE839E1497D87D0032F12D /* main.m in Sources */,
				4CFE83A21497D87D0032F12D /* DIAppDelegate.m in Sources */,
				4CFE83E81497D8DA0032F12D /* ASIAuthenticationDialog.m in Sources */,
				4CFE83E91497D8DA0032F12D /* ASIDataCompressor.m in Sources */,
				4CFE83EA1497D8DA0032F12D /* ASIDataDecompressor.m in Sources */,
				4CFE83EB1497D8DA0032F12D /* ASIDownloadCache.m in Sources */,
				4CFE83EC1497D8DA0032F12D /* ASIFormDataRequest.m in Sources */,
				4CFE83ED1497D8DA0032F12D /* ASIHTTPRequest.m in Sources */,
				4CFE83EE1497D8DA0032F12D /* ASIInputStream.m in Sources */,
				4CFE83EF1497D8DA0032F12D /* ASINetworkQueue.m in Sources */,
				4CFE83F01497D8DA0032F12D /* EGOCache.m in Sources */,
				4CFE83F11497D8DA0032F12D /* EGOImageButton.m in Sources */,
				4CFE83F21497D8DA0032F12D /* EGOImageLoadConnection.m in Sources */,
				4CFE83F31497D8DA0032F12D /* EGOImageLoader.m in Sources */,
				4CFE83F41497D8DA0032F12D /* EGOImageView.m in Sources */,
				4CFE83F51497D8DA0032F12D /* Reachability.m in Sources */,
				4CFE840F1497D9020032F12D /* DIAddChoreViewController.m in Sources */,
				4CFE84101497D9020032F12D /* DIChore.m in Sources */,
				4CFE84111497D9020032F12D /* DIChoreListViewController.m in Sources */,
				4CFE84121497D9020032F12D /* DIMyChoresViewCell.m in Sources */,
				4CFE84131497D9020032F12D /* DISettingsViewController.m in Sources */,
				4CFE842B14983ED60032F12D /* DIChoreType.m in Sources */,
				4CFE842E149841F90032F12D /* DIChoreTypeViewCell.m in Sources */,
				4CFE843314984A4F0032F12D /* DIConfirmChoreViewController.m in Sources */,
				4CFE843814984F700032F12D /* DICreditsViewController.m in Sources */,
				4CFE843B149850CA0032F12D /* DICreditsViewCell.m in Sources */,
				4CFE8446149873380032F12D /* DIAchievementsViewController.m in Sources */,
			);
			runOnlyForDeploymentPostprocessing = 0;
		};
/* End PBXSourcesBuildPhase section */

/* Begin PBXVariantGroup section */
		4CFE839A1497D87D0032F12D /* InfoPlist.strings */ = {
			isa = PBXVariantGroup;
			children = (
				4CFE839B1497D87D0032F12D /* en */,
			);
			name = InfoPlist.strings;
			sourceTree = "<group>";
		};
/* End PBXVariantGroup section */

/* Begin XCBuildConfiguration section */
		4CFE83AC1497D87D0032F12D /* Debug */ = {
			isa = XCBuildConfiguration;
			buildSettings = {
				ALWAYS_SEARCH_USER_PATHS = NO;
				ARCHS = "$(ARCHS_STANDARD_32_BIT)";
				"CODE_SIGN_IDENTITY[sdk=iphoneos*]" = "iPhone Developer: Matthew Holcombe (RTUXT9B8RZ)";
				COPY_PHASE_STRIP = NO;
				GCC_C_LANGUAGE_STANDARD = gnu99;
				GCC_DYNAMIC_NO_PIC = NO;
				GCC_OPTIMIZATION_LEVEL = 0;
				GCC_PREPROCESSOR_DEFINITIONS = (
					"DEBUG=1",
					"$(inherited)",
				);
				GCC_SYMBOLS_PRIVATE_EXTERN = NO;
				GCC_VERSION = com.apple.compilers.llvm.clang.1_0;
				GCC_WARN_ABOUT_MISSING_PROTOTYPES = YES;
				GCC_WARN_ABOUT_RETURN_TYPE = YES;
				GCC_WARN_UNUSED_VARIABLE = YES;
				IPHONEOS_DEPLOYMENT_TARGET = 5.0;
				"PROVISIONING_PROFILE[sdk=iphoneos*]" = "100C2687-7776-4E3D-A43E-536EA99BCA24";
				SDKROOT = iphoneos;
				TARGETED_DEVICE_FAMILY = "1,2";
			};
			name = Debug;
		};
		4CFE83AD1497D87D0032F12D /* Release */ = {
			isa = XCBuildConfiguration;
			buildSettings = {
				ALWAYS_SEARCH_USER_PATHS = NO;
				ARCHS = "$(ARCHS_STANDARD_32_BIT)";
				"CODE_SIGN_IDENTITY[sdk=iphoneos*]" = "iPhone Developer: Matthew Holcombe (RTUXT9B8RZ)";
				COPY_PHASE_STRIP = YES;
				GCC_C_LANGUAGE_STANDARD = gnu99;
				GCC_VERSION = com.apple.compilers.llvm.clang.1_0;
				GCC_WARN_ABOUT_MISSING_PROTOTYPES = YES;
				GCC_WARN_ABOUT_RETURN_TYPE = YES;
				GCC_WARN_UNUSED_VARIABLE = YES;
				IPHONEOS_DEPLOYMENT_TARGET = 5.0;
				OTHER_CFLAGS = "-DNS_BLOCK_ASSERTIONS=1";
				"PROVISIONING_PROFILE[sdk=iphoneos*]" = "100C2687-7776-4E3D-A43E-536EA99BCA24";
				SDKROOT = iphoneos;
				TARGETED_DEVICE_FAMILY = "1,2";
				VALIDATE_PRODUCT = YES;
			};
			name = Release;
		};
		4CFE83AF1497D87D0032F12D /* Debug */ = {
			isa = XCBuildConfiguration;
			buildSettings = {
				GCC_PRECOMPILE_PREFIX_HEADER = YES;
				GCC_PREFIX_HEADER = "Diddit/Diddit-Prefix.pch";
				INFOPLIST_FILE = "Diddit/Diddit-Info.plist";
				PRODUCT_NAME = "$(TARGET_NAME)";
				WRAPPER_EXTENSION = app;
			};
			name = Debug;
		};
		4CFE83B01497D87D0032F12D /* Release */ = {
			isa = XCBuildConfiguration;
			buildSettings = {
				GCC_PRECOMPILE_PREFIX_HEADER = YES;
				GCC_PREFIX_HEADER = "Diddit/Diddit-Prefix.pch";
				INFOPLIST_FILE = "Diddit/Diddit-Info.plist";
				PRODUCT_NAME = "$(TARGET_NAME)";
				WRAPPER_EXTENSION = app;
			};
			name = Release;
		};
/* End XCBuildConfiguration section */

/* Begin XCConfigurationList section */
		4CFE83871497D87D0032F12D /* Build configuration list for PBXProject "Diddit" */ = {
			isa = XCConfigurationList;
			buildConfigurations = (
				4CFE83AC1497D87D0032F12D /* Debug */,
				4CFE83AD1497D87D0032F12D /* Release */,
			);
			defaultConfigurationIsVisible = 0;
			defaultConfigurationName = Release;
		};
		4CFE83AE1497D87D0032F12D /* Build configuration list for PBXNativeTarget "Diddit" */ = {
			isa = XCConfigurationList;
			buildConfigurations = (
				4CFE83AF1497D87D0032F12D /* Debug */,
				4CFE83B01497D87D0032F12D /* Release */,
			);
			defaultConfigurationIsVisible = 0;
			defaultConfigurationName = Release;
		};
/* End XCConfigurationList section */
	};
	rootObject = 4CFE83841497D87D0032F12D /* Project object */;
}
